
Microsoft Visual Studio Solution File, Format Version 12.00
# Visual Studio 15
VisualStudioVersion = 15.0.28307.421
MinimumVisualStudioVersion = 10.0.40219.1
Project("{8BC9CEB8-8B4A-11D0-8D11-00A0C91BC942}") = "lzwlzw解码", "lzwlzw解码\lzwlzw解码.vcxproj", "{B9FEC99A-F3B5-4518-82C0-144CA6B0FD87}"
EndProject
Global
	GlobalSection(SolutionConfigurationPlatforms) = preSolution
		Debug|x64 = Debug|x64
		Debug|x86 = Debug|x86
		Release|x64 = Release|x64
		Release|x86 = Release|x86
	EndGlobalSection
	GlobalSection(ProjectConfigurationPlatforms) = postSolution
		{B9FEC99A-F3B5-4518-82C0-144CA6B0FD87}.Debug|x64.ActiveCfg = Debug|x64
		{B9FEC99A-F3B5-4518-82C0-144CA6B0FD87}.Debug|x64.Build.0 = Debug|x64
		{B9FEC99A-F3B5-4518-82C0-144CA6B0FD87}.Debug|x86.ActiveCfg = Debug|Win32
		{B9FEC99A-F3B5-4518-82C0-144CA6B0FD87}.Debug|x86.Build.0 = Debug|Win32
		{B9FEC99A-F3B5-4518-82C0-144CA6B0FD87}.Release|x64.ActiveCfg = Release|x64
		{B9FEC99A-F3B5-4518-82C0-144CA6B0FD87}.Release|x64.Build.0 = Release|x64
		{B9FEC99A-F3B5-4518-82C0-144CA6B0FD87}.Release|x86.ActiveCfg = Release|Win32
		{B9FEC99A-F3B5-4518-82C0-144CA6B0FD87}.Release|x86.Build.0 = Release|Win32
	EndGlobalSection
	GlobalSection(SolutionProperties) = preSolution
		HideSolutionNode = FALSE
	EndGlobalSection
	GlobalSection(ExtensibilityGlobals) = postSolution
		SolutionGuid = {B5A736C9-0BF9-4276-BBF4-4FC5FFB94ADC}
	EndGlobalSection
EndGlobal
